
Microsoft Visual Studio Solution File, Format Version 12.00
# Visual Studio Version 17
VisualStudioVersion = 17.14.37012.4
MinimumVisualStudioVersion = 10.0.40219.1
Project("{2150E333-8FDC-42A3-9474-1A3956D46DE8}") = "01 - Application", "01 - Application", "{02EA681E-C7D8-13C7-8484-4AC65E1B71E8}"
EndProject
Project("{2150E333-8FDC-42A3-9474-1A3956D46DE8}") = "02 - Domain", "02 - Domain", "{06987091-5177-451E-9EBD-1584878DC98B}"
EndProject
Project("{2150E333-8FDC-42A3-9474-1A3956D46DE8}") = "03 - Service", "03 - Service", "{9C18B6A7-559E-4A44-AEA2-EFBAA19A4F5F}"
EndProject
Project("{2150E333-8FDC-42A3-9474-1A3956D46DE8}") = "04 - Infra", "04 - Infra", "{F9206914-70CE-4C42-93AC-8E53A34E956E}"
EndProject
Project("{2150E333-8FDC-42A3-9474-1A3956D46DE8}") = "Solution Items", "Solution Items", "{D41EE640-65AC-439E-9071-3C011F604BE0}"
EndProject
Project("{2150E333-8FDC-42A3-9474-1A3956D46DE8}") = "Tests", "Tests", "{C1D309D9-0315-4349-A451-33AF1BB5C744}"
EndProject
Project("{2150E333-8FDC-42A3-9474-1A3956D46DE8}") = "Api", "Api", "{F7AB74EC-D28C-438D-BD19-11AF569863EC}"
EndProject
Project("{2150E333-8FDC-42A3-9474-1A3956D46DE8}") = "Core", "Core", "{2DB3DDC0-32D2-414D-A35D-BE5EFAFA48BB}"
EndProject
Project("{2150E333-8FDC-42A3-9474-1A3956D46DE8}") = "Identity", "Identity", "{85EDD6E6-9C77-4AE3-BABD-4608BE87C9D8}"
EndProject
Project("{2150E333-8FDC-42A3-9474-1A3956D46DE8}") = "Messaging", "Messaging", "{4BDFB989-DD0B-4FF7-9782-D78D81F18887}"
EndProject
Project("{2150E333-8FDC-42A3-9474-1A3956D46DE8}") = "RentalServices", "RentalServices", "{E4E9B49A-9779-4313-9765-473C6A3F2AD8}"
EndProject
Project("{2150E333-8FDC-42A3-9474-1A3956D46DE8}") = "Infrastructure", "Infrastructure", "{2376F049-66E7-40C6-A647-B3D265D9DF43}"
EndProject
Project("{2150E333-8FDC-42A3-9474-1A3956D46DE8}") = "ApplicationTests", "ApplicationTests", "{6C76C341-C9DE-4E27-8904-A6D7D835A065}"
EndProject
Project("{2150E333-8FDC-42A3-9474-1A3956D46DE8}") = "DomainTests", "DomainTests", "{7CB3F05C-3F8F-454C-9C17-B3E8D1C5D34E}"
EndProject
Project("{2150E333-8FDC-42A3-9474-1A3956D46DE8}") = "InfrastructureTests", "InfrastructureTests", "{39146B92-4C54-4E4F-B426-25AAEF3E5C70}"
EndProject
Project("{2150E333-8FDC-42A3-9474-1A3956D46DE8}") = "ServiceTests", "ServiceTests", "{E2F2DAF9-288E-4C01-AEDA-A9F8776FE0F0}"
EndProject
Project("{FAE04EC0-301F-11D3-BF4B-00C04F79EFBC}") = "VehicleRentalSystem.Core", "src\VehicleRentalSystem.Core\VehicleRentalSystem.Core.csproj", "{5B62AB75-6D85-42E7-8BA0-388D82E8D5F4}"
EndProject
Project("{FAE04EC0-301F-11D3-BF4B-00C04F79EFBC}") = "VehicleRentalSystem.Shared", "src\VehicleRentalSystem.Shared\VehicleRentalSystem.Shared.csproj", "{89D0AE03-5FB8-4010-9F52-7B9601F94097}"
EndProject
Project("{FAE04EC0-301F-11D3-BF4B-00C04F79EFBC}") = "VehicleRentalSystem.Api", "src\VehicleRentalSystem.Api\VehicleRentalSystem.Api.csproj", "{CEB7494B-CF4B-48DC-9CE9-D328B1206FE3}"
	ProjectSection(ProjectDependencies) = postProject
		{962708C8-B086-44A1-96E5-D25B27C0B7C1} = {962708C8-B086-44A1-96E5-D25B27C0B7C1}
	EndProjectSection
EndProject
Project("{FAE04EC0-301F-11D3-BF4B-00C04F79EFBC}") = "VehicleRentalSystem.Infrastructure", "src\VehicleRentalSystem.Infrastructure\VehicleRentalSystem.Infrastructure.csproj", "{962708C8-B086-44A1-96E5-D25B27C0B7C1}"
EndProject
Project("{FAE04EC0-301F-11D3-BF4B-00C04F79EFBC}") = "VehicleRentalSystem.RentalServices", "src\VehicleRentalSystem.RentalServices\VehicleRentalSystem.RentalServices.csproj", "{54652651-5FF3-4CAB-95F3-8FB441F645AB}"
	ProjectSection(ProjectDependencies) = postProject
		{E00EE224-AFC6-4CBA-AC01-72881AB4738A} = {E00EE224-AFC6-4CBA-AC01-72881AB4738A}
	EndProjectSection
EndProject
Project("{FAE04EC0-301F-11D3-BF4B-00C04F79EFBC}") = "VehicleRentalSystem.Messaging", "src\VehicleRentalSystem.Messaging\VehicleRentalSystem.Messaging.csproj", "{11CF4A4D-1AFA-485E-B64F-99A3B22F628F}"
EndProject
Project("{FAE04EC0-301F-11D3-BF4B-00C04F79EFBC}") = "VehicleRentalSystem.Identity", "src\VehicleRentalSystem.Identity\VehicleRentalSystem.Identity.csproj", "{E00EE224-AFC6-4CBA-AC01-72881AB4738A}"
EndProject
Global
	GlobalSection(SolutionConfigurationPlatforms) = preSolution
		Debug|Any CPU = Debug|Any CPU
		Release|Any CPU = Release|Any CPU
	EndGlobalSection
	GlobalSection(ProjectConfigurationPlatforms) = postSolution
		{5B62AB75-6D85-42E7-8BA0-388D82E8D5F4}.Debug|Any CPU.ActiveCfg = Debug|Any CPU
		{5B62AB75-6D85-42E7-8BA0-388D82E8D5F4}.Debug|Any CPU.Build.0 = Debug|Any CPU
		{5B62AB75-6D85-42E7-8BA0-388D82E8D5F4}.Release|Any CPU.ActiveCfg = Release|Any CPU
		{5B62AB75-6D85-42E7-8BA0-388D82E8D5F4}.Release|Any CPU.Build.0 = Release|Any CPU
		{89D0AE03-5FB8-4010-9F52-7B9601F94097}.Debug|Any CPU.ActiveCfg = Debug|Any CPU
		{89D0AE03-5FB8-4010-9F52-7B9601F94097}.Debug|Any CPU.Build.0 = Debug|Any CPU
		{89D0AE03-5FB8-4010-9F52-7B9601F94097}.Release|Any CPU.ActiveCfg = Release|Any CPU
		{89D0AE03-5FB8-4010-9F52-7B9601F94097}.Release|Any CPU.Build.0 = Release|Any CPU
		{CEB7494B-CF4B-48DC-9CE9-D328B1206FE3}.Debug|Any CPU.ActiveCfg = Debug|Any CPU
		{CEB7494B-CF4B-48DC-9CE9-D328B1206FE3}.Debug|Any CPU.Build.0 = Debug|Any CPU
		{CEB7494B-CF4B-48DC-9CE9-D328B1206FE3}.Release|Any CPU.ActiveCfg = Release|Any CPU
		{CEB7494B-CF4B-48DC-9CE9-D328B1206FE3}.Release|Any CPU.Build.0 = Release|Any CPU
		{962708C8-B086-44A1-96E5-D25B27C0B7C1}.Debug|Any CPU.ActiveCfg = Debug|Any CPU
		{962708C8-B086-44A1-96E5-D25B27C0B7C1}.Debug|Any CPU.Build.0 = Debug|Any CPU
		{962708C8-B086-44A1-96E5-D25B27C0B7C1}.Release|Any CPU.ActiveCfg = Release|Any CPU
		{962708C8-B086-44A1-96E5-D25B27C0B7C1}.Release|Any CPU.Build.0 = Release|Any CPU
		{54652651-5FF3-4CAB-95F3-8FB441F645AB}.Debug|Any CPU.ActiveCfg = Debug|Any CPU
		{54652651-5FF3-4CAB-95F3-8FB441F645AB}.Debug|Any CPU.Build.0 = Debug|Any CPU
		{54652651-5FF3-4CAB-95F3-8FB441F645AB}.Release|Any CPU.ActiveCfg = Release|Any CPU
		{54652651-5FF3-4CAB-95F3-8FB441F645AB}.Release|Any CPU.Build.0 = Release|Any CPU
		{11CF4A4D-1AFA-485E-B64F-99A3B22F628F}.Debug|Any CPU.ActiveCfg = Debug|Any CPU
		{11CF4A4D-1AFA-485E-B64F-99A3B22F628F}.Debug|Any CPU.Build.0 = Debug|Any CPU
		{11CF4A4D-1AFA-485E-B64F-99A3B22F628F}.Release|Any CPU.ActiveCfg = Release|Any CPU
		{11CF4A4D-1AFA-485E-B64F-99A3B22F628F}.Release|Any CPU.Build.0 = Release|Any CPU
		{E00EE224-AFC6-4CBA-AC01-72881AB4738A}.Debug|Any CPU.ActiveCfg = Debug|Any CPU
		{E00EE224-AFC6-4CBA-AC01-72881AB4738A}.Debug|Any CPU.Build.0 = Debug|Any CPU
		{E00EE224-AFC6-4CBA-AC01-72881AB4738A}.Release|Any CPU.ActiveCfg = Release|Any CPU
		{E00EE224-AFC6-4CBA-AC01-72881AB4738A}.Release|Any CPU.Build.0 = Release|Any CPU
	EndGlobalSection
	GlobalSection(SolutionProperties) = preSolution
		HideSolutionNode = FALSE
	EndGlobalSection
	GlobalSection(NestedProjects) = preSolution
		{F7AB74EC-D28C-438D-BD19-11AF569863EC} = {02EA681E-C7D8-13C7-8484-4AC65E1B71E8}
		{2DB3DDC0-32D2-414D-A35D-BE5EFAFA48BB} = {06987091-5177-451E-9EBD-1584878DC98B}
		{85EDD6E6-9C77-4AE3-BABD-4608BE87C9D8} = {9C18B6A7-559E-4A44-AEA2-EFBAA19A4F5F}
		{4BDFB989-DD0B-4FF7-9782-D78D81F18887} = {9C18B6A7-559E-4A44-AEA2-EFBAA19A4F5F}
		{E4E9B49A-9779-4313-9765-473C6A3F2AD8} = {9C18B6A7-559E-4A44-AEA2-EFBAA19A4F5F}
		{2376F049-66E7-40C6-A647-B3D265D9DF43} = {F9206914-70CE-4C42-93AC-8E53A34E956E}
		{6C76C341-C9DE-4E27-8904-A6D7D835A065} = {C1D309D9-0315-4349-A451-33AF1BB5C744}
		{7CB3F05C-3F8F-454C-9C17-B3E8D1C5D34E} = {C1D309D9-0315-4349-A451-33AF1BB5C744}
		{39146B92-4C54-4E4F-B426-25AAEF3E5C70} = {C1D309D9-0315-4349-A451-33AF1BB5C744}
		{E2F2DAF9-288E-4C01-AEDA-A9F8776FE0F0} = {C1D309D9-0315-4349-A451-33AF1BB5C744}
		{5B62AB75-6D85-42E7-8BA0-388D82E8D5F4} = {2DB3DDC0-32D2-414D-A35D-BE5EFAFA48BB}
		{89D0AE03-5FB8-4010-9F52-7B9601F94097} = {2DB3DDC0-32D2-414D-A35D-BE5EFAFA48BB}
		{CEB7494B-CF4B-48DC-9CE9-D328B1206FE3} = {F7AB74EC-D28C-438D-BD19-11AF569863EC}
		{962708C8-B086-44A1-96E5-D25B27C0B7C1} = {2376F049-66E7-40C6-A647-B3D265D9DF43}
		{54652651-5FF3-4CAB-95F3-8FB441F645AB} = {E4E9B49A-9779-4313-9765-473C6A3F2AD8}
		{11CF4A4D-1AFA-485E-B64F-99A3B22F628F} = {4BDFB989-DD0B-4FF7-9782-D78D81F18887}
		{E00EE224-AFC6-4CBA-AC01-72881AB4738A} = {85EDD6E6-9C77-4AE3-BABD-4608BE87C9D8}
	EndGlobalSection
	GlobalSection(ExtensibilityGlobals) = postSolution
		SolutionGuid = {E9EA4772-6E22-46F5-A221-0FED22E16E09}
	EndGlobalSection
EndGlobal
